
Microsoft Visual Studio Solution File, Format Version 12.00
# Visual Studio Version 17
VisualStudioVersion = 17.9.34728.123
MinimumVisualStudioVersion = 10.0.40219.1
Project("{FAE04EC0-301F-11D3-BF4B-00C04F79EFBC}") = "backend-lab-C21636", "backend-lab-C21636\backend-lab-C21636.csproj", "{798632AD-F853-4518-88DD-65C64BA0205C}"
EndProject
Global
	GlobalSection(SolutionConfigurationPlatforms) = preSolution
		Debug|Any CPU = Debug|Any CPU
		Release|Any CPU = Release|Any CPU
	EndGlobalSection
	GlobalSection(ProjectConfigurationPlatforms) = postSolution
		{798632AD-F853-4518-88DD-65C64BA0205C}.Debug|Any CPU.ActiveCfg = Debug|Any CPU
		{798632AD-F853-4518-88DD-65C64BA0205C}.Debug|Any CPU.Build.0 = Debug|Any CPU
		{798632AD-F853-4518-88DD-65C64BA0205C}.Release|Any CPU.ActiveCfg = Release|Any CPU
		{798632AD-F853-4518-88DD-65C64BA0205C}.Release|Any CPU.Build.0 = Release|Any CPU
	EndGlobalSection
	GlobalSection(SolutionProperties) = preSolution
		HideSolutionNode = FALSE
	EndGlobalSection
	GlobalSection(ExtensibilityGlobals) = postSolution
		SolutionGuid = {C6A1AF02-7228-4721-B1D5-66B5B665C901}
	EndGlobalSection
EndGlobal
